
Microsoft Visual Studio Solution File, Format Version 12.00
# Visual Studio Version 17
VisualStudioVersion = 17.11.35118.90
MinimumVisualStudioVersion = 10.0.40219.1
Project("{FAE04EC0-301F-11D3-BF4B-00C04F79EFBC}") = "Laboratorul#04", "Laboratorul#04.csproj", "{5CEA8A6F-6BD1-477B-AD15-58EC20A9CBF1}"
EndProject
Global
	GlobalSection(SolutionConfigurationPlatforms) = preSolution
		Debug|Any CPU = Debug|Any CPU
		Release|Any CPU = Release|Any CPU
	EndGlobalSection
	GlobalSection(ProjectConfigurationPlatforms) = postSolution
		{5CEA8A6F-6BD1-477B-AD15-58EC20A9CBF1}.Debug|Any CPU.ActiveCfg = Debug|Any CPU
		{5CEA8A6F-6BD1-477B-AD15-58EC20A9CBF1}.Debug|Any CPU.Build.0 = Debug|Any CPU
		{5CEA8A6F-6BD1-477B-AD15-58EC20A9CBF1}.Release|Any CPU.ActiveCfg = Release|Any CPU
		{5CEA8A6F-6BD1-477B-AD15-58EC20A9CBF1}.Release|Any CPU.Build.0 = Release|Any CPU
	EndGlobalSection
	GlobalSection(SolutionProperties) = preSolution
		HideSolutionNode = FALSE
	EndGlobalSection
	GlobalSection(ExtensibilityGlobals) = postSolution
		SolutionGuid = {30BA2669-4AF3-4827-97E0-AE444A3FCB64}
	EndGlobalSection
EndGlobal
