
Microsoft Visual Studio Solution File, Format Version 12.00
# Visual Studio Version 17
VisualStudioVersion = 17.11.35118.90
MinimumVisualStudioVersion = 10.0.40219.1
Project("{FAE04EC0-301F-11D3-BF4B-00C04F79EFBC}") = "RusuAlexandru_temaCLI", "RusuAlexandru_temaCLI.csproj", "{25FEE00E-A647-405E-9774-4A54975E2632}"
EndProject
Project("{FAE04EC0-301F-11D3-BF4B-00C04F79EFBC}") = "RusuAlexandru_temaCLI_lab3", "RusuAlexandru_temaCLI_lab3\RusuAlexandru_temaCLI_lab3.csproj", "{2283F264-96B4-45E6-A822-FCBF178EE578}"
EndProject
Project("{FAE04EC0-301F-11D3-BF4B-00C04F79EFBC}") = "OpenGL_conn_ImmediateMode", "OpenGL_conn_ImmediateMode\OpenGL_conn_ImmediateMode.csproj", "{F04916F8-1623-4AB3-978E-90D2541092B3}"
EndProject
Project("{FAE04EC0-301F-11D3-BF4B-00C04F79EFBC}") = "Triunghi_RGB_Random", "Triunghi_RGB_Random\Triunghi_RGB_Random.csproj", "{EEF6C6C0-1E5B-4811-828A-BDDF3922407A}"
EndProject
Project("{FAE04EC0-301F-11D3-BF4B-00C04F79EFBC}") = "Cerinta4Lab3", "Cerinta4Lab3\Cerinta4Lab3.csproj", "{9B4F433A-7682-42A1-8F16-1EAA873653AA}"
EndProject
Project("{FAE04EC0-301F-11D3-BF4B-00C04F79EFBC}") = "Laboratorul#05", "Laboratorul#05\Laboratorul#05.csproj", "{4A31C60A-C805-4B67-A53B-768336F5CA2F}"
EndProject
Project("{FAE04EC0-301F-11D3-BF4B-00C04F79EFBC}") = "Laboratorul#06", "Laboratorul#06\Laboratorul#06.csproj", "{990EA543-929D-443E-871E-31A042F9818A}"
EndProject
Global
	GlobalSection(SolutionConfigurationPlatforms) = preSolution
		Debug|Any CPU = Debug|Any CPU
		Release|Any CPU = Release|Any CPU
	EndGlobalSection
	GlobalSection(ProjectConfigurationPlatforms) = postSolution
		{25FEE00E-A647-405E-9774-4A54975E2632}.Debug|Any CPU.ActiveCfg = Debug|Any CPU
		{25FEE00E-A647-405E-9774-4A54975E2632}.Debug|Any CPU.Build.0 = Debug|Any CPU
		{25FEE00E-A647-405E-9774-4A54975E2632}.Release|Any CPU.ActiveCfg = Release|Any CPU
		{25FEE00E-A647-405E-9774-4A54975E2632}.Release|Any CPU.Build.0 = Release|Any CPU
		{2283F264-96B4-45E6-A822-FCBF178EE578}.Debug|Any CPU.ActiveCfg = Debug|Any CPU
		{2283F264-96B4-45E6-A822-FCBF178EE578}.Debug|Any CPU.Build.0 = Debug|Any CPU
		{2283F264-96B4-45E6-A822-FCBF178EE578}.Release|Any CPU.ActiveCfg = Release|Any CPU
		{2283F264-96B4-45E6-A822-FCBF178EE578}.Release|Any CPU.Build.0 = Release|Any CPU
		{F04916F8-1623-4AB3-978E-90D2541092B3}.Debug|Any CPU.ActiveCfg = Debug|Any CPU
		{F04916F8-1623-4AB3-978E-90D2541092B3}.Debug|Any CPU.Build.0 = Debug|Any CPU
		{F04916F8-1623-4AB3-978E-90D2541092B3}.Release|Any CPU.ActiveCfg = Release|Any CPU
		{F04916F8-1623-4AB3-978E-90D2541092B3}.Release|Any CPU.Build.0 = Release|Any CPU
		{EEF6C6C0-1E5B-4811-828A-BDDF3922407A}.Debug|Any CPU.ActiveCfg = Debug|Any CPU
		{EEF6C6C0-1E5B-4811-828A-BDDF3922407A}.Debug|Any CPU.Build.0 = Debug|Any CPU
		{EEF6C6C0-1E5B-4811-828A-BDDF3922407A}.Release|Any CPU.ActiveCfg = Release|Any CPU
		{EEF6C6C0-1E5B-4811-828A-BDDF3922407A}.Release|Any CPU.Build.0 = Release|Any CPU
		{9B4F433A-7682-42A1-8F16-1EAA873653AA}.Debug|Any CPU.ActiveCfg = Debug|Any CPU
		{9B4F433A-7682-42A1-8F16-1EAA873653AA}.Debug|Any CPU.Build.0 = Debug|Any CPU
		{9B4F433A-7682-42A1-8F16-1EAA873653AA}.Release|Any CPU.ActiveCfg = Release|Any CPU
		{9B4F433A-7682-42A1-8F16-1EAA873653AA}.Release|Any CPU.Build.0 = Release|Any CPU
		{4A31C60A-C805-4B67-A53B-768336F5CA2F}.Debug|Any CPU.ActiveCfg = Debug|Any CPU
		{4A31C60A-C805-4B67-A53B-768336F5CA2F}.Debug|Any CPU.Build.0 = Debug|Any CPU
		{4A31C60A-C805-4B67-A53B-768336F5CA2F}.Release|Any CPU.ActiveCfg = Release|Any CPU
		{4A31C60A-C805-4B67-A53B-768336F5CA2F}.Release|Any CPU.Build.0 = Release|Any CPU
		{990EA543-929D-443E-871E-31A042F9818A}.Debug|Any CPU.ActiveCfg = Debug|Any CPU
		{990EA543-929D-443E-871E-31A042F9818A}.Debug|Any CPU.Build.0 = Debug|Any CPU
		{990EA543-929D-443E-871E-31A042F9818A}.Release|Any CPU.ActiveCfg = Release|Any CPU
		{990EA543-929D-443E-871E-31A042F9818A}.Release|Any CPU.Build.0 = Release|Any CPU
	EndGlobalSection
	GlobalSection(SolutionProperties) = preSolution
		HideSolutionNode = FALSE
	EndGlobalSection
	GlobalSection(ExtensibilityGlobals) = postSolution
		SolutionGuid = {BF473D2E-FBC8-43E1-BF3C-A567A51A7037}
	EndGlobalSection
EndGlobal
